
Microsoft Visual Studio Solution File, Format Version 12.00
# Visual Studio Version 17
VisualStudioVersion = 17.9.34607.119
MinimumVisualStudioVersion = 10.0.40219.1
Project("{FAE04EC0-301F-11D3-BF4B-00C04F79EFBC}") = "Esercizio_finale_s7", "Esercizio_finale_s7\Esercizio_finale_s7.csproj", "{67ABF07C-25BD-4F8B-A164-CDCE3DBC877C}"
EndProject
Global
	GlobalSection(SolutionConfigurationPlatforms) = preSolution
		Debug|Any CPU = Debug|Any CPU
		Release|Any CPU = Release|Any CPU
	EndGlobalSection
	GlobalSection(ProjectConfigurationPlatforms) = postSolution
		{67ABF07C-25BD-4F8B-A164-CDCE3DBC877C}.Debug|Any CPU.ActiveCfg = Debug|Any CPU
		{67ABF07C-25BD-4F8B-A164-CDCE3DBC877C}.Debug|Any CPU.Build.0 = Debug|Any CPU
		{67ABF07C-25BD-4F8B-A164-CDCE3DBC877C}.Release|Any CPU.ActiveCfg = Release|Any CPU
		{67ABF07C-25BD-4F8B-A164-CDCE3DBC877C}.Release|Any CPU.Build.0 = Release|Any CPU
	EndGlobalSection
	GlobalSection(SolutionProperties) = preSolution
		HideSolutionNode = FALSE
	EndGlobalSection
	GlobalSection(ExtensibilityGlobals) = postSolution
		SolutionGuid = {51ADBF3E-BD3D-4264-9BEB-E5977699B701}
	EndGlobalSection
EndGlobal
